
Microsoft Visual Studio Solution File, Format Version 10.00
# Visual Studio 2008
Project("{FAE04EC0-301F-11D3-BF4B-00C04F79EFBC}") = "SimpleStorageEngine", "SimpleStorageEngine\SimpleStorageEngine.csproj", "{16647846-4798-47BA-8C91-3C7DFC2DC93F}"
EndProject
Project("{FAE04EC0-301F-11D3-BF4B-00C04F79EFBC}") = "TestSimpleStorageEngine", "TestSimpleStorageEngine\TestSimpleStorageEngine.csproj", "{3DFE40DA-8812-4D10-B035-EB88BC1E9255}"
EndProject
Project("{2150E333-8FDC-42A3-9474-1A3956D46DE8}") = "nunit", "nunit", "{01B11D71-72EE-47B5-9E02-2615A61E721B}"
	ProjectSection(SolutionItems) = preProject
		NUnit\nunit.core.dll = NUnit\nunit.core.dll
		NUnit\nunit.framework.dll = NUnit\nunit.framework.dll
	EndProjectSection
EndProject
Global
	GlobalSection(TestCaseManagementSettings) = postSolution
		CategoryFile = SimpleStorageEngine.vsmdi
	EndGlobalSection
	GlobalSection(SolutionConfigurationPlatforms) = preSolution
		Debug|Any CPU = Debug|Any CPU
		Release|Any CPU = Release|Any CPU
	EndGlobalSection
	GlobalSection(ProjectConfigurationPlatforms) = postSolution
		{16647846-4798-47BA-8C91-3C7DFC2DC93F}.Debug|Any CPU.ActiveCfg = Debug|Any CPU
		{16647846-4798-47BA-8C91-3C7DFC2DC93F}.Debug|Any CPU.Build.0 = Debug|Any CPU
		{16647846-4798-47BA-8C91-3C7DFC2DC93F}.Release|Any CPU.ActiveCfg = Release|Any CPU
		{16647846-4798-47BA-8C91-3C7DFC2DC93F}.Release|Any CPU.Build.0 = Release|Any CPU
		{3DFE40DA-8812-4D10-B035-EB88BC1E9255}.Debug|Any CPU.ActiveCfg = Debug|Any CPU
		{3DFE40DA-8812-4D10-B035-EB88BC1E9255}.Debug|Any CPU.Build.0 = Debug|Any CPU
		{3DFE40DA-8812-4D10-B035-EB88BC1E9255}.Release|Any CPU.ActiveCfg = Release|Any CPU
		{3DFE40DA-8812-4D10-B035-EB88BC1E9255}.Release|Any CPU.Build.0 = Release|Any CPU
	EndGlobalSection
	GlobalSection(SolutionProperties) = preSolution
		HideSolutionNode = FALSE
	EndGlobalSection
EndGlobal
